
Microsoft Visual Studio Solution File, Format Version 12.00
# Visual Studio Version 17
VisualStudioVersion = 17.7.34024.191
MinimumVisualStudioVersion = 10.0.40219.1
Project("{FAE04EC0-301F-11D3-BF4B-00C04F79EFBC}") = "School_Management", "School_Management\School_Management.csproj", "{DD1D6557-6AD3-4C8A-B7EF-5F35168488F0}"
EndProject
Global
	GlobalSection(SolutionConfigurationPlatforms) = preSolution
		Debug|Any CPU = Debug|Any CPU
		Release|Any CPU = Release|Any CPU
	EndGlobalSection
	GlobalSection(ProjectConfigurationPlatforms) = postSolution
		{DD1D6557-6AD3-4C8A-B7EF-5F35168488F0}.Debug|Any CPU.ActiveCfg = Debug|Any CPU
		{DD1D6557-6AD3-4C8A-B7EF-5F35168488F0}.Debug|Any CPU.Build.0 = Debug|Any CPU
		{DD1D6557-6AD3-4C8A-B7EF-5F35168488F0}.Release|Any CPU.ActiveCfg = Release|Any CPU
		{DD1D6557-6AD3-4C8A-B7EF-5F35168488F0}.Release|Any CPU.Build.0 = Release|Any CPU
	EndGlobalSection
	GlobalSection(SolutionProperties) = preSolution
		HideSolutionNode = FALSE
	EndGlobalSection
	GlobalSection(ExtensibilityGlobals) = postSolution
		SolutionGuid = {95B4373B-35E8-4AEF-A673-6BB605FB2235}
	EndGlobalSection
EndGlobal
